// !$*UTF8*$!
{
	archiveVersion = 1;
	classes = {
	};
	objectVersion = 56;
	objects = {

/* Begin PBXBuildFile section */
		A38EB53C2B6896F300E84861 /* IP_ShowApp.swift in Sources */ = {isa = PBXBuildFile; fileRef = A38EB53B2B6896F300E84861 /* IP_ShowApp.swift */; };
		A38EB53E2B6896F300E84861 /* ContentView.swift in Sources */ = {isa = PBXBuildFile; fileRef = A38EB53D2B6896F300E84861 /* ContentView.swift */; };
		A38EB5402B6896F500E84861 /* Assets.xcassets in Resources */ = {isa = PBXBuildFile; fileRef = A38EB53F2B6896F500E84861 /* Assets.xcassets */; };
		A38EB5432B6896F500E84861 /* Preview Assets.xcassets in Resources */ = {isa = PBXBuildFile; fileRef = A38EB5422B6896F500E84861 /* Preview Assets.xcassets */; };
		A38EB54E2B6896F500E84861 /* IP_ShowTests.swift in Sources */ = {isa = PBXBuildFile; fileRef = A38EB54D2B6896F500E84861 /* IP_ShowTests.swift */; };
		A38EB5582B6896F500E84861 /* IP_ShowUITests.swift in Sources */ = {isa = PBXBuildFile; fileRef = A38EB5572B6896F500E84861 /* IP_ShowUITests.swift */; };
		A38EB55A2B6896F500E84861 /* IP_ShowUITestsLaunchTests.swift in Sources */ = {isa = PBXBuildFile; fileRef = A38EB5592B6896F500E84861 /* IP_ShowUITestsLaunchTests.swift */; };
/* End PBXBuildFile section */

/* Begin PBXContainerItemProxy section */
		A38EB54A2B6896F500E84861 /* PBXContainerItemProxy */ = {
			isa = PBXContainerItemProxy;
			containerPortal = A38EB5302B6896F300E84861 /* Project object */;
			proxyType = 1;
			remoteGlobalIDString = A38EB5372B6896F300E84861;
			remoteInfo = "IP Show";
		};
		A38EB5542B6896F500E84861 /* PBXContainerItemProxy */ = {
			isa = PBXContainerItemProxy;
			containerPortal = A38EB5302B6896F300E84861 /* Project object */;
			proxyType = 1;
			remoteGlobalIDString = A38EB5372B6896F300E84861;
			remoteInfo = "IP Show";
		};
/* End PBXContainerItemProxy section */

/* Begin PBXFileReference section */
		A38EB5382B6896F300E84861 /* IP Show.app */ = {isa = PBXFileReference; explicitFileType = wrapper.application; includeInIndex = 0; path = "IP Show.app"; sourceTree = BUILT_PRODUCTS_DIR; };
		A38EB53B2B6896F300E84861 /* IP_ShowApp.swift */ = {isa = PBXFileReference; lastKnownFileType = sourcecode.swift; path = IP_ShowApp.swift; sourceTree = "<group>"; };
		A38EB53D2B6896F300E84861 /* ContentView.swift */ = {isa = PBXFileReference; lastKnownFileType = sourcecode.swift; path = ContentView.swift; sourceTree = "<group>"; };
		A38EB53F2B6896F500E84861 /* Assets.xcassets */ = {isa = PBXFileReference; lastKnownFileType = folder.assetcatalog; path = Assets.xcassets; sourceTree = "<group>"; };
		A38EB5422B6896F500E84861 /* Preview Assets.xcassets */ = {isa = PBXFileReference; lastKnownFileType = folder.assetcatalog; path = "Preview Assets.xcassets"; sourceTree = "<group>"; };
		A38EB5442B6896F500E84861 /* IP_Show.entitlements */ = {isa = PBXFileReference; lastKnownFileType = text.plist.entitlements; path = IP_Show.entitlements; sourceTree = "<group>"; };
		A38EB5492B6896F500E84861 /* IP ShowTests.xctest */ = {isa = PBXFileReference; explicitFileType = wrapper.cfbundle; includeInIndex = 0; path = "IP ShowTests.xctest"; sourceTree = BUILT_PRODUCTS_DIR; };
		A38EB54D2B6896F500E84861 /* IP_ShowTests.swift */ = {isa = PBXFileReference; lastKnownFileType = sourcecode.swift; path = IP_ShowTests.swift; sourceTree = "<group>"; };
		A38EB5532B6896F500E84861 /* IP ShowUITests.xctest */ = {isa = PBXFileReference; explicitFileType = wrapper.cfbundle; includeInIndex = 0; path = "IP ShowUITests.xctest"; sourceTree = BUILT_PRODUCTS_DIR; };
		A38EB5572B6896F500E84861 /* IP_ShowUITests.swift */ = {isa = PBXFileReference; lastKnownFileType = sourcecode.swift; path = IP_ShowUITests.swift; sourceTree = "<group>"; };
		A38EB5592B6896F500E84861 /* IP_ShowUITestsLaunchTests.swift */ = {isa = PBXFileReference; lastKnownFileType = sourcecode.swift; path = IP_ShowUITestsLaunchTests.swift; sourceTree = "<group>"; };
/* End PBXFileReference section */

/* Begin PBXFrameworksBuildPhase section */
		A38EB5352B6896F300E84861 /* Frameworks */ = {
			isa = PBXFrameworksBuildPhase;
			buildActionMask = 2147483647;
			files = (
			);
			runOnlyForDeploymentPostprocessing = 0;
		};
		A38EB5462B6896F500E84861 /* Frameworks */ = {
			isa = PBXFrameworksBuildPhase;
			buildActionMask = 2147483647;
			files = (
			);
			runOnlyForDeploymentPostprocessing = 0;
		};
		A38EB5502B6896F500E84861 /* Frameworks */ = {
			isa = PBXFrameworksBuildPhase;
			buildActionMask = 2147483647;
			files = (
			);
			runOnlyForDeploymentPostprocessing = 0;
		};
/* End PBXFrameworksBuildPhase section */

/* Begin PBXGroup section */
		A38EB52F2B6896F300E84861 = {
			isa = PBXGroup;
			children = (
				A38EB53A2B6896F300E84861 /* IP Show */,
				A38EB54C2B6896F500E84861 /* IP ShowTests */,
				A38EB5562B6896F500E84861 /* IP ShowUITests */,
				A38EB5392B6896F300E84861 /* Products */,
			);
			sourceTree = "<group>";
		};
		A38EB5392B6896F300E84861 /* Products */ = {
			isa = PBXGroup;
			children = (
				A38EB5382B6896F300E84861 /* IP Show.app */,
				A38EB5492B6896F500E84861 /* IP ShowTests.xctest */,
				A38EB5532B6896F500E84861 /* IP ShowUITests.xctest */,
			);
			name = Products;
			sourceTree = "<group>";
		};
		A38EB53A2B6896F300E84861 /* IP Show */ = {
			isa = PBXGroup;
			children = (
				A38EB53B2B6896F300E84861 /* IP_ShowApp.swift */,
				A38EB53D2B6896F300E84861 /* ContentView.swift */,
				A38EB53F2B6896F500E84861 /* Assets.xcassets */,
				A38EB5442B6896F500E84861 /* IP_Show.entitlements */,
				A38EB5412B6896F500E84861 /* Preview Content */,
			);
			path = "IP Show";
			sourceTree = "<group>";
		};
		A38EB5412B6896F500E84861 /* Preview Content */ = {
			isa = PBXGroup;
			children = (
				A38EB5422B6896F500E84861 /* Preview Assets.xcassets */,
			);
			path = "Preview Content";
			sourceTree = "<group>";
		};
		A38EB54C2B6896F500E84861 /* IP ShowTests */ = {
			isa = PBXGroup;
			children = (
				A38EB54D2B6896F500E84861 /* IP_ShowTests.swift */,
			);
			path = "IP ShowTests";
			sourceTree = "<group>";
		};
		A38EB5562B6896F500E84861 /* IP ShowUITests */ = {
			isa = PBXGroup;
			children = (
				A38EB5572B6896F500E84861 /* IP_ShowUITests.swift */,
				A38EB5592B6896F500E84861 /* IP_ShowUITestsLaunchTests.swift */,
			);
			path = "IP ShowUITests";
			sourceTree = "<group>";
		};
/* End PBXGroup section */

/* Begin PBXNativeTarget section */
		A38EB5372B6896F300E84861 /* IP Show */ = {
			isa = PBXNativeTarget;
			buildConfigurationList = A38EB55D2B6896F500E84861 /* Build configuration list for PBXNativeTarget "IP Show" */;
			buildPhases = (
				A38EB5342B6896F300E84861 /* Sources */,
				A38EB5352B6896F300E84861 /* Frameworks */,
				A38EB5362B6896F300E84861 /* Resources */,
			);
			buildRules = (
			);
			dependencies = (
			);
			name = "IP Show";
			productName = "IP Show";
			productReference = A38EB5382B6896F300E84861 /* IP Show.app */;
			productType = "com.apple.product-type.application";
		};
		A38EB5482B6896F500E84861 /* IP ShowTests */ = {
			isa = PBXNativeTarget;
			buildConfigurationList = A38EB5602B6896F500E84861 /* Build configuration list for PBXNativeTarget "IP ShowTests" */;
			buildPhases = (
				A38EB5452B6896F500E84861 /* Sources */,
				A38EB5462B6896F500E84861 /* Frameworks */,
				A38EB5472B6896F500E84861 /* Resources */,
			);
			buildRules = (
			);
			dependencies = (
				A38EB54B2B6896F500E84861 /* PBXTargetDependency */,
			);
			name = "IP ShowTests";
			productName = "IP ShowTests";
			productReference = A38EB5492B6896F500E84861 /* IP ShowTests.xctest */;
			productType = "com.apple.product-type.bundle.unit-test";
		};
		A38EB5522B6896F500E84861 /* IP ShowUITests */ = {
			isa = PBXNativeTarget;
			buildConfigurationList = A38EB5632B6896F500E84861 /* Build configuration list for PBXNativeTarget "IP ShowUITests" */;
			buildPhases = (
				A38EB54F2B6896F500E84861 /* Sources */,
				A38EB5502B6896F500E84861 /* Frameworks */,
				A38EB5512B6896F500E84861 /* Resources */,
			);
			buildRules = (
			);
			dependencies = (
				A38EB5552B6896F500E84861 /* PBXTargetDependency */,
			);
			name = "IP ShowUITests";
			productName = "IP ShowUITests";
			productReference = A38EB5532B6896F500E84861 /* IP ShowUITests.xctest */;
			productType = "com.apple.product-type.bundle.ui-testing";
		};
/* End PBXNativeTarget section */

/* Begin PBXProject section */
		A38EB5302B6896F300E84861 /* Project object */ = {
			isa = PBXProject;
			attributes = {
				BuildIndependentTargetsInParallel = 1;
				LastSwiftUpdateCheck = 1520;
				LastUpgradeCheck = 1520;
				TargetAttributes = {
					A38EB5372B6896F300E84861 = {
						CreatedOnToolsVersion = 15.2;
					};
					A38EB5482B6896F500E84861 = {
						CreatedOnToolsVersion = 15.2;
						TestTargetID = A38EB5372B6896F300E84861;
					};
					A38EB5522B6896F500E84861 = {
						CreatedOnToolsVersion = 15.2;
						TestTargetID = A38EB5372B6896F300E84861;
					};
				};
			};
			buildConfigurationList = A38EB5332B6896F300E84861 /* Build configuration list for PBXProject "IP Show" */;
			compatibilityVersion = "Xcode 14.0";
			developmentRegion = en;
			hasScannedForEncodings = 0;
			knownRegions = (
				en,
				Base,
			);
			mainGroup = A38EB52F2B6896F300E84861;
			productRefGroup = A38EB5392B6896F300E84861 /* Products */;
			projectDirPath = "";
			projectRoot = "";
			targets = (
				A38EB5372B6896F300E84861 /* IP Show */,
				A38EB5482B6896F500E84861 /* IP ShowTests */,
				A38EB5522B6896F500E84861 /* IP ShowUITests */,
			);
		};
/* End PBXProject section */

/* Begin PBXResourcesBuildPhase section */
		A38EB5362B6896F300E84861 /* Resources */ = {
			isa = PBXResourcesBuildPhase;
			buildActionMask = 2147483647;
			files = (
				A38EB5432B6896F500E84861 /* Preview Assets.xcassets in Resources */,
				A38EB5402B6896F500E84861 /* Assets.xcassets in Resources */,
			);
			runOnlyForDeploymentPostprocessing = 0;
		};
		A38EB5472B6896F500E84861 /* Resources */ = {
			isa = PBXResourcesBuildPhase;
			buildActionMask = 2147483647;
			files = (
			);
			runOnlyForDeploymentPostprocessing = 0;
		};
		A38EB5512B6896F500E84861 /* Resources */ = {
			isa = PBXResourcesBuildPhase;
			buildActionMask = 2147483647;
			files = (
			);
			runOnlyForDeploymentPostprocessing = 0;
		};
/* End PBXResourcesBuildPhase section */

/* Begin PBXSourcesBuildPhase section */
		A38EB5342B6896F300E84861 /* Sources */ = {
			isa = PBXSourcesBuildPhase;
			buildActionMask = 2147483647;
			files = (
				A38EB53E2B6896F300E84861 /* ContentView.swift in Sources */,
				A38EB53C2B6896F300E84861 /* IP_ShowApp.swift in Sources */,
			);
			runOnlyForDeploymentPostprocessing = 0;
		};
		A38EB5452B6896F500E84861 /* Sources */ = {
			isa = PBXSourcesBuildPhase;
			buildActionMask = 2147483647;
			files = (
				A38EB54E2B6896F500E84861 /* IP_ShowTests.swift in Sources */,
			);
			runOnlyForDeploymentPostprocessing = 0;
		};
		A38EB54F2B6896F500E84861 /* Sources */ = {
			isa = PBXSourcesBuildPhase;
			buildActionMask = 2147483647;
			files = (
				A38EB55A2B6896F500E84861 /* IP_ShowUITestsLaunchTests.swift in Sources */,
				A38EB5582B6896F500E84861 /* IP_ShowUITests.swift in Sources */,
			);
			runOnlyForDeploymentPostprocessing = 0;
		};
/* End PBXSourcesBuildPhase section */

/* Begin PBXTargetDependency section */
		A38EB54B2B6896F500E84861 /* PBXTargetDependency */ = {
			isa = PBXTargetDependency;
			target = A38EB5372B6896F300E84861 /* IP Show */;
			targetProxy = A38EB54A2B6896F500E84861 /* PBXContainerItemProxy */;
		};
		A38EB5552B6896F500E84861 /* PBXTargetDependency */ = {
			isa = PBXTargetDependency;
			target = A38EB5372B6896F300E84861 /* IP Show */;
			targetProxy = A38EB5542B6896F500E84861 /* PBXContainerItemProxy */;
		};
/* End PBXTargetDependency section */

/* Begin XCBuildConfiguration section */
		A38EB55B2B6896F500E84861 /* Debug */ = {
			isa = XCBuildConfiguration;
			buildSettings = {
				ALWAYS_SEARCH_USER_PATHS = NO;
				ASSETCATALOG_COMPILER_GENERATE_SWIFT_ASSET_SYMBOL_EXTENSIONS = YES;
				CLANG_ANALYZER_NONNULL = YES;
				CLANG_ANALYZER_NUMBER_OBJECT_CONVERSION = YES_AGGRESSIVE;
				CLANG_CXX_LANGUAGE_STANDARD = "gnu++20";
				CLANG_ENABLE_MODULES = YES;
				CLANG_ENABLE_OBJC_ARC = YES;
				CLANG_ENABLE_OBJC_WEAK = YES;
				CLANG_WARN_BLOCK_CAPTURE_AUTORELEASING = YES;
				CLANG_WARN_BOOL_CONVERSION = YES;
				CLANG_WARN_COMMA = YES;
				CLANG_WARN_CONSTANT_CONVERSION = YES;
				CLANG_WARN_DEPRECATED_OBJC_IMPLEMENTATIONS = YES;
				CLANG_WARN_DIRECT_OBJC_ISA_USAGE = YES_ERROR;
				CLANG_WARN_DOCUMENTATION_COMMENTS = YES;
				CLANG_WARN_EMPTY_BODY = YES;
				CLANG_WARN_ENUM_CONVERSION = YES;
				CLANG_WARN_INFINITE_RECURSION = YES;
				CLANG_WARN_INT_CONVERSION = YES;
				CLANG_WARN_NON_LITERAL_NULL_CONVERSION = YES;
				CLANG_WARN_OBJC_IMPLICIT_RETAIN_SELF = YES;
				CLANG_WARN_OBJC_LITERAL_CONVERSION = YES;
				CLANG_WARN_OBJC_ROOT_CLASS = YES_ERROR;
				CLANG_WARN_QUOTED_INCLUDE_IN_FRAMEWORK_HEADER = YES;
				CLANG_WARN_RANGE_LOOP_ANALYSIS = YES;
				CLANG_WARN_STRICT_PROTOTYPES = YES;
				CLANG_WARN_SUSPICIOUS_MOVE = YES;
				CLANG_WARN_UNGUARDED_AVAILABILITY = YES_AGGRESSIVE;
				CLANG_WARN_UNREACHABLE_CODE = YES;
				CLANG_WARN__DUPLICATE_METHOD_MATCH = YES;
				COPY_PHASE_STRIP = NO;
				DEBUG_INFORMATION_FORMAT = dwarf;
				ENABLE_STRICT_OBJC_MSGSEND = YES;
				ENABLE_TESTABILITY = YES;
				ENABLE_USER_SCRIPT_SANDBOXING = YES;
				GCC_C_LANGUAGE_STANDARD = gnu17;
				GCC_DYNAMIC_NO_PIC = NO;
				GCC_NO_COMMON_BLOCKS = YES;
				GCC_OPTIMIZATION_LEVEL = 0;
				GCC_PREPROCESSOR_DEFINITIONS = (
					"DEBUG=1",
					"$(inherited)",
				);
				GCC_WARN_64_TO_32_BIT_CONVERSION = YES;
				GCC_WARN_ABOUT_RETURN_TYPE = YES_ERROR;
				GCC_WARN_UNDECLARED_SELECTOR = YES;
				GCC_WARN_UNINITIALIZED_AUTOS = YES_AGGRESSIVE;
				GCC_WARN_UNUSED_FUNCTION = YES;
				GCC_WARN_UNUSED_VARIABLE = YES;
				LOCALIZATION_PREFERS_STRING_CATALOGS = YES;
				MACOSX_DEPLOYMENT_TARGET = 14.2;
				MTL_ENABLE_DEBUG_INFO = INCLUDE_SOURCE;
				MTL_FAST_MATH = YES;
				ONLY_ACTIVE_ARCH = YES;
				SDKROOT = macosx;
				SWIFT_ACTIVE_COMPILATION_CONDITIONS = "DEBUG $(inherited)";
				SWIFT_OPTIMIZATION_LEVEL = "-Onone";
			};
			name = Debug;
		};
		A38EB55C2B6896F500E84861 /* Release */ = {
			isa = XCBuildConfiguration;
			buildSettings = {
				ALWAYS_SEARCH_USER_PATHS = NO;
				ASSETCATALOG_COMPILER_GENERATE_SWIFT_ASSET_SYMBOL_EXTENSIONS = YES;
				CLANG_ANALYZER_NONNULL = YES;
				CLANG_ANALYZER_NUMBER_OBJECT_CONVERSION = YES_AGGRESSIVE;
				CLANG_CXX_LANGUAGE_STANDARD = "gnu++20";
				CLANG_ENABLE_MODULES = YES;
				CLANG_ENABLE_OBJC_ARC = YES;
				CLANG_ENABLE_OBJC_WEAK = YES;
				CLANG_WARN_BLOCK_CAPTURE_AUTORELEASING = YES;
				CLANG_WARN_BOOL_CONVERSION = YES;
				CLANG_WARN_COMMA = YES;
				CLANG_WARN_CONSTANT_CONVERSION = YES;
				CLANG_WARN_DEPRECATED_OBJC_IMPLEMENTATIONS = YES;
				CLANG_WARN_DIRECT_OBJC_ISA_USAGE = YES_ERROR;
				CLANG_WARN_DOCUMENTATION_COMMENTS = YES;
				CLANG_WARN_EMPTY_BODY = YES;
				CLANG_WARN_ENUM_CONVERSION = YES;
				CLANG_WARN_INFINITE_RECURSION = YES;
				CLANG_WARN_INT_CONVERSION = YES;
				CLANG_WARN_NON_LITERAL_NULL_CONVERSION = YES;
				CLANG_WARN_OBJC_IMPLICIT_RETAIN_SELF = YES;
				CLANG_WARN_OBJC_LITERAL_CONVERSION = YES;
				CLANG_WARN_OBJC_ROOT_CLASS = YES_ERROR;
				CLANG_WARN_QUOTED_INCLUDE_IN_FRAMEWORK_HEADER = YES;
				CLANG_WARN_RANGE_LOOP_ANALYSIS = YES;
				CLANG_WARN_STRICT_PROTOTYPES = YES;
				CLANG_WARN_SUSPICIOUS_MOVE = YES;
				CLANG_WARN_UNGUARDED_AVAILABILITY = YES_AGGRESSIVE;
				CLANG_WARN_UNREACHABLE_CODE = YES;
				CLANG_WARN__DUPLICATE_METHOD_MATCH = YES;
				COPY_PHASE_STRIP = NO;
				DEBUG_INFORMATION_FORMAT = "dwarf-with-dsym";
				ENABLE_NS_ASSERTIONS = NO;
				ENABLE_STRICT_OBJC_MSGSEND = YES;
				ENABLE_USER_SCRIPT_SANDBOXING = YES;
				GCC_C_LANGUAGE_STANDARD = gnu17;
				GCC_NO_COMMON_BLOCKS = YES;
				GCC_WARN_64_TO_32_BIT_CONVERSION = YES;
				GCC_WARN_ABOUT_RETURN_TYPE = YES_ERROR;
				GCC_WARN_UNDECLARED_SELECTOR = YES;
				GCC_WARN_UNINITIALIZED_AUTOS = YES_AGGRESSIVE;
				GCC_WARN_UNUSED_FUNCTION = YES;
				GCC_WARN_UNUSED_VARIABLE = YES;
				LOCALIZATION_PREFERS_STRING_CATALOGS = YES;
				MACOSX_DEPLOYMENT_TARGET = 14.2;
				MTL_ENABLE_DEBUG_INFO = NO;
				MTL_FAST_MATH = YES;
				SDKROOT = macosx;
				SWIFT_COMPILATION_MODE = wholemodule;
			};
			name = Release;
		};
		A38EB55E2B6896F500E84861 /* Debug */ = {
			isa = XCBuildConfiguration;
			buildSettings = {
				ASSETCATALOG_COMPILER_APPICON_NAME = AppIcon;
				ASSETCATALOG_COMPILER_GLOBAL_ACCENT_COLOR_NAME = AccentColor;
				CODE_SIGN_ENTITLEMENTS = "IP Show/IP_Show.entitlements";
				CODE_SIGN_STYLE = Automatic;
				COMBINE_HIDPI_IMAGES = YES;
				CURRENT_PROJECT_VERSION = 1;
				DEVELOPMENT_ASSET_PATHS = "\"IP Show/Preview Content\"";
				DEVELOPMENT_TEAM = 8Q6527678H;
				ENABLE_HARDENED_RUNTIME = YES;
				ENABLE_PREVIEWS = YES;
				GENERATE_INFOPLIST_FILE = YES;
				INFOPLIST_KEY_NSHumanReadableCopyright = "";
				LD_RUNPATH_SEARCH_PATHS = (
					"$(inherited)",
					"@executable_path/../Frameworks",
				);
				MARKETING_VERSION = 1.0;
				PRODUCT_BUNDLE_IDENTIFIER = "xaviermagallanes.IP-Show";
				PRODUCT_NAME = "$(TARGET_NAME)";
				SWIFT_EMIT_LOC_STRINGS = YES;
				SWIFT_VERSION = 5.0;
			};
			name = Debug;
		};
		A38EB55F2B6896F500E84861 /* Release */ = {
			isa = XCBuildConfiguration;
			buildSettings = {
				ASSETCATALOG_COMPILER_APPICON_NAME = AppIcon;
				ASSETCATALOG_COMPILER_GLOBAL_ACCENT_COLOR_NAME = AccentColor;
				CODE_SIGN_ENTITLEMENTS = "IP Show/IP_Show.entitlements";
				CODE_SIGN_STYLE = Automatic;
				COMBINE_HIDPI_IMAGES = YES;
				CURRENT_PROJECT_VERSION = 1;
				DEVELOPMENT_ASSET_PATHS = "\"IP Show/Preview Content\"";
				DEVELOPMENT_TEAM = 8Q6527678H;
				ENABLE_HARDENED_RUNTIME = YES;
				ENABLE_PREVIEWS = YES;
				GENERATE_INFOPLIST_FILE = YES;
				INFOPLIST_KEY_NSHumanReadableCopyright = "";
				LD_RUNPATH_SEARCH_PATHS = (
					"$(inherited)",
					"@executable_path/../Frameworks",
				);
				MARKETING_VERSION = 1.0;
				PRODUCT_BUNDLE_IDENTIFIER = "xaviermagallanes.IP-Show";
				PRODUCT_NAME = "$(TARGET_NAME)";
				SWIFT_EMIT_LOC_STRINGS = YES;
				SWIFT_VERSION = 5.0;
			};
			name = Release;
		};
		A38EB5612B6896F500E84861 /* Debug */ = {
			isa = XCBuildConfiguration;
			buildSettings = {
				ALWAYS_EMBED_SWIFT_STANDARD_LIBRARIES = YES;
				BUNDLE_LOADER = "$(TEST_HOST)";
				CODE_SIGN_STYLE = Automatic;
				CURRENT_PROJECT_VERSION = 1;
				DEVELOPMENT_TEAM = 8Q6527678H;
				GENERATE_INFOPLIST_FILE = YES;
				MACOSX_DEPLOYMENT_TARGET = 14.2;
				MARKETING_VERSION = 1.0;
				PRODUCT_BUNDLE_IDENTIFIER = "xaviermagallanes.IP-ShowTests";
				PRODUCT_NAME = "$(TARGET_NAME)";
				SWIFT_EMIT_LOC_STRINGS = NO;
				SWIFT_VERSION = 5.0;
				TEST_HOST = "$(BUILT_PRODUCTS_DIR)/IP Show.app/$(BUNDLE_EXECUTABLE_FOLDER_PATH)/IP Show";
			};
			name = Debug;
		};
		A38EB5622B6896F500E84861 /* Release */ = {
			isa = XCBuildConfiguration;
			buildSettings = {
				ALWAYS_EMBED_SWIFT_STANDARD_LIBRARIES = YES;
				BUNDLE_LOADER = "$(TEST_HOST)";
				CODE_SIGN_STYLE = Automatic;
				CURRENT_PROJECT_VERSION = 1;
				DEVELOPMENT_TEAM = 8Q6527678H;
				GENERATE_INFOPLIST_FILE = YES;
				MACOSX_DEPLOYMENT_TARGET = 14.2;
				MARKETING_VERSION = 1.0;
				PRODUCT_BUNDLE_IDENTIFIER = "xaviermagallanes.IP-ShowTests";
				PRODUCT_NAME = "$(TARGET_NAME)";
				SWIFT_EMIT_LOC_STRINGS = NO;
				SWIFT_VERSION = 5.0;
				TEST_HOST = "$(BUILT_PRODUCTS_DIR)/IP Show.app/$(BUNDLE_EXECUTABLE_FOLDER_PATH)/IP Show";
			};
			name = Release;
		};
		A38EB5642B6896F500E84861 /* Debug */ = {
			isa = XCBuildConfiguration;
			buildSettings = {
				ALWAYS_EMBED_SWIFT_STANDARD_LIBRARIES = YES;
				CODE_SIGN_STYLE = Automatic;
				CURRENT_PROJECT_VERSION = 1;
				DEVELOPMENT_TEAM = 8Q6527678H;
				GENERATE_INFOPLIST_FILE = YES;
				MARKETING_VERSION = 1.0;
				PRODUCT_BUNDLE_IDENTIFIER = "xaviermagallanes.IP-ShowUITests";
				PRODUCT_NAME = "$(TARGET_NAME)";
				SWIFT_EMIT_LOC_STRINGS = NO;
				SWIFT_VERSION = 5.0;
				TEST_TARGET_NAME = "IP Show";
			};
			name = Debug;
		};
		A38EB5652B6896F500E84861 /* Release */ = {
			isa = XCBuildConfiguration;
			buildSettings = {
				ALWAYS_EMBED_SWIFT_STANDARD_LIBRARIES = YES;
				CODE_SIGN_STYLE = Automatic;
				CURRENT_PROJECT_VERSION = 1;
				DEVELOPMENT_TEAM = 8Q6527678H;
				GENERATE_INFOPLIST_FILE = YES;
				MARKETING_VERSION = 1.0;
				PRODUCT_BUNDLE_IDENTIFIER = "xaviermagallanes.IP-ShowUITests";
				PRODUCT_NAME = "$(TARGET_NAME)";
				SWIFT_EMIT_LOC_STRINGS = NO;
				SWIFT_VERSION = 5.0;
				TEST_TARGET_NAME = "IP Show";
			};
			name = Release;
		};
/* End XCBuildConfiguration section */

/* Begin XCConfigurationList section */
		A38EB5332B6896F300E84861 /* Build configuration list for PBXProject "IP Show" */ = {
			isa = XCConfigurationList;
			buildConfigurations = (
				A38EB55B2B6896F500E84861 /* Debug */,
				A38EB55C2B6896F500E84861 /* Release */,
			);
			defaultConfigurationIsVisible = 0;
			defaultConfigurationName = Release;
		};
		A38EB55D2B6896F500E84861 /* Build configuration list for PBXNativeTarget "IP Show" */ = {
			isa = XCConfigurationList;
			buildConfigurations = (
				A38EB55E2B6896F500E84861 /* Debug */,
				A38EB55F2B6896F500E84861 /* Release */,
			);
			defaultConfigurationIsVisible = 0;
			defaultConfigurationName = Release;
		};
		A38EB5602B6896F500E84861 /* Build configuration list for PBXNativeTarget "IP ShowTests" */ = {
			isa = XCConfigurationList;
			buildConfigurations = (
				A38EB5612B6896F500E84861 /* Debug */,
				A38EB5622B6896F500E84861 /* Release */,
			);
			defaultConfigurationIsVisible = 0;
			defaultConfigurationName = Release;
		};
		A38EB5632B6896F500E84861 /* Build configuration list for PBXNativeTarget "IP ShowUITests" */ = {
			isa = XCConfigurationList;
			buildConfigurations = (
				A38EB5642B6896F500E84861 /* Debug */,
				A38EB5652B6896F500E84861 /* Release */,
			);
			defaultConfigurationIsVisible = 0;
			defaultConfigurationName = Release;
		};
/* End XCConfigurationList section */
	};
	rootObject = A38EB5302B6896F300E84861 /* Project object */;
}
